
Microsoft Visual Studio Solution File, Format Version 9.00
# Visual Studio 2005
Project("{8BC9CEB8-8B4A-11D0-8D11-00A0C91BC942}") = "digitanks", "digitanks.vcproj", "{1E1190AF-8C70-4639-94F6-C9B2219043EC}"
EndProject
Global
	GlobalSection(SolutionConfigurationPlatforms) = preSolution
		Debug|Win32 = Debug|Win32
		Release|Win32 = Release|Win32
	EndGlobalSection
	GlobalSection(ProjectConfigurationPlatforms) = postSolution
		{1E1190AF-8C70-4639-94F6-C9B2219043EC}.Debug|Win32.ActiveCfg = Debug|Win32
		{1E1190AF-8C70-4639-94F6-C9B2219043EC}.Debug|Win32.Build.0 = Debug|Win32
		{1E1190AF-8C70-4639-94F6-C9B2219043EC}.Release|Win32.ActiveCfg = Release|Win32
		{1E1190AF-8C70-4639-94F6-C9B2219043EC}.Release|Win32.Build.0 = Release|Win32
	EndGlobalSection
	GlobalSection(SolutionProperties) = preSolution
		HideSolutionNode = FALSE
	EndGlobalSection
EndGlobal
